
Microsoft Visual Studio Solution File, Format Version 12.00
# Visual Studio Version 17
VisualStudioVersion = 17.11.35219.272
MinimumVisualStudioVersion = 10.0.40219.1
Project("{FAE04EC0-301F-11D3-BF4B-00C04F79EFBC}") = "TelefonbuchXml", "TelefonbuchXml\TelefonbuchXml.csproj", "{35EA4DE4-343E-4A16-B01F-D520F89954AF}"
EndProject
Global
	GlobalSection(SolutionConfigurationPlatforms) = preSolution
		Debug|Any CPU = Debug|Any CPU
		Release|Any CPU = Release|Any CPU
	EndGlobalSection
	GlobalSection(ProjectConfigurationPlatforms) = postSolution
		{35EA4DE4-343E-4A16-B01F-D520F89954AF}.Debug|Any CPU.ActiveCfg = Debug|Any CPU
		{35EA4DE4-343E-4A16-B01F-D520F89954AF}.Debug|Any CPU.Build.0 = Debug|Any CPU
		{35EA4DE4-343E-4A16-B01F-D520F89954AF}.Release|Any CPU.ActiveCfg = Release|Any CPU
		{35EA4DE4-343E-4A16-B01F-D520F89954AF}.Release|Any CPU.Build.0 = Release|Any CPU
	EndGlobalSection
	GlobalSection(SolutionProperties) = preSolution
		HideSolutionNode = FALSE
	EndGlobalSection
	GlobalSection(ExtensibilityGlobals) = postSolution
		SolutionGuid = {1C777789-7B08-4600-A435-7B33756B567A}
	EndGlobalSection
EndGlobal
